github.com/davecgh/go-spew v1.1.0/go.mod h1:J7Y8YcW2NihsgmVo/mv3lAwl/skON4iLHjSsI+c5H38=
github.com/go-chi/chi v4.0.2+incompatible/go.mod h1:eB3wogJHnLi3x/kFX2A+IbTBlXxmMeXJVKy9tTv1XzQ=
github.com/mlbright/darksky v0.0.0-20190903032611-d133a40b35ab h1:wkM5dKp+t+ouGC/FGljp96sTa53sA5E1EJfwfJvF/uE=
github.com/mlbright/darksky v0.0.0-20190903032611-d133a40b35ab/go.mod h1:2mqgU4JqQpCMhRY2w+/aPKD/U0MDwkNMFxr2fTXDwYQ=
github.com/pmezard/go-difflib v1.0.0/go.mod h1:iKH77koFhYxTK1pcRnkKkqfTogsbg7gZNVY4sRDYZ/4=
github.com/stretchr/objx v0.1.0/go.mod h1:HFkY916IF+rwdDfMAkV7OtwuqBVzrE8GR6GFx+wExME=
github.com/stretchr/testify v1.3.0/go.mod h1:M5WIy9Dh21IEIfnGCwXGc5bZfKNJtfHm1UVUgZn+9EI=
github.com/twpayne/go-darksky v1.2.0 h1:XzMpqE9RzmasnQZ97e0yQEi+EdmgMSgySwrAH9FBSrA=
github.com/twpayne/go-darksky v1.2.0/go.mod h1:PYNbNYgewk9dOMpWcxKY6ZICDaQIeg21YpjK6IjBqL8=
golang.org/x/text v0.3.2 h1:tW2bmiBqwgJj/UpqtC8EpXEZVYOwU0yG4iWbprSVAcs=
golang.org/x/text v0.3.2/go.mod h1:bEr9sfX3Q8Zfm5fL9x+3itogRgK3+ptLWKqgva+5dAk=
golang.org/x/tools v0.0.0-20180917221912-90fa682c2a6e/go.mod h1:n7NCudcB/nEzxVGmLbDWY5pfWTLqBcC2KZ6jyYvM4mQ=
